
Microsoft Visual Studio Solution File, Format Version 12.00
# Visual Studio Version 16
VisualStudioVersion = 16.0.29728.190
MinimumVisualStudioVersion = 10.0.40219.1
Project("{FAE04EC0-301F-11D3-BF4B-00C04F79EFBC}") = "GeoTagging", "GeoTagging\GeoTagging.csproj", "{250B655E-B7D5-48F2-ACEF-01D0671E4DDE}"
EndProject
Global
	GlobalSection(SolutionConfigurationPlatforms) = preSolution
		Debug|Any CPU = Debug|Any CPU
		Release|Any CPU = Release|Any CPU
	EndGlobalSection
	GlobalSection(ProjectConfigurationPlatforms) = postSolution
		{250B655E-B7D5-48F2-ACEF-01D0671E4DDE}.Debug|Any CPU.ActiveCfg = Debug|Any CPU
		{250B655E-B7D5-48F2-ACEF-01D0671E4DDE}.Debug|Any CPU.Build.0 = Debug|Any CPU
		{250B655E-B7D5-48F2-ACEF-01D0671E4DDE}.Release|Any CPU.ActiveCfg = Release|Any CPU
		{250B655E-B7D5-48F2-ACEF-01D0671E4DDE}.Release|Any CPU.Build.0 = Release|Any CPU
	EndGlobalSection
	GlobalSection(SolutionProperties) = preSolution
		HideSolutionNode = FALSE
	EndGlobalSection
	GlobalSection(ExtensibilityGlobals) = postSolution
		SolutionGuid = {357289C3-2A46-46D7-B2C2-297AEA6BCA65}
	EndGlobalSection
EndGlobal
